
Microsoft Visual Studio Solution File, Format Version 12.00
# Visual Studio 14
VisualStudioVersion = 14.0.23107.0
MinimumVisualStudioVersion = 10.0.40219.1
Project("{FAE04EC0-301F-11D3-BF4B-00C04F79EFBC}") = "Game", "Game\Game.csproj", "{73F0277E-82B7-41A4-8840-FBA1D2D789DB}"
EndProject
Project("{FAE04EC0-301F-11D3-BF4B-00C04F79EFBC}") = "UI", "UI\UI.csproj", "{E35D8B61-8DA5-48A9-B6F7-BD633F7B452F}"
EndProject
Project("{FAE04EC0-301F-11D3-BF4B-00C04F79EFBC}") = "DeckBuilder", "DeckBuilder\DeckBuilder.csproj", "{B70CE37E-6556-480D-8F92-50F93E04953B}"
EndProject
Project("{FAE04EC0-301F-11D3-BF4B-00C04F79EFBC}") = "TestConsole", "TestConsole\TestConsole.csproj", "{B004F09C-A380-4D3C-89FA-0739B4FC44E2}"
EndProject
Project("{FAE04EC0-301F-11D3-BF4B-00C04F79EFBC}") = "YuGiOh!", "YuGiOh!\YuGiOh!.csproj", "{7186DD4E-462D-47B9-9F57-9137F0361BDF}"
EndProject
Global
	GlobalSection(SolutionConfigurationPlatforms) = preSolution
		Debug|Any CPU = Debug|Any CPU
		Debug|x64 = Debug|x64
		Debug|x86 = Debug|x86
		Release|Any CPU = Release|Any CPU
		Release|x64 = Release|x64
		Release|x86 = Release|x86
	EndGlobalSection
	GlobalSection(ProjectConfigurationPlatforms) = postSolution
		{73F0277E-82B7-41A4-8840-FBA1D2D789DB}.Debug|Any CPU.ActiveCfg = Debug|Any CPU
		{73F0277E-82B7-41A4-8840-FBA1D2D789DB}.Debug|Any CPU.Build.0 = Debug|Any CPU
		{73F0277E-82B7-41A4-8840-FBA1D2D789DB}.Debug|x64.ActiveCfg = Debug|Any CPU
		{73F0277E-82B7-41A4-8840-FBA1D2D789DB}.Debug|x64.Build.0 = Debug|Any CPU
		{73F0277E-82B7-41A4-8840-FBA1D2D789DB}.Debug|x86.ActiveCfg = Debug|Any CPU
		{73F0277E-82B7-41A4-8840-FBA1D2D789DB}.Debug|x86.Build.0 = Debug|Any CPU
		{73F0277E-82B7-41A4-8840-FBA1D2D789DB}.Release|Any CPU.ActiveCfg = Release|Any CPU
		{73F0277E-82B7-41A4-8840-FBA1D2D789DB}.Release|Any CPU.Build.0 = Release|Any CPU
		{73F0277E-82B7-41A4-8840-FBA1D2D789DB}.Release|x64.ActiveCfg = Release|Any CPU
		{73F0277E-82B7-41A4-8840-FBA1D2D789DB}.Release|x64.Build.0 = Release|Any CPU
		{73F0277E-82B7-41A4-8840-FBA1D2D789DB}.Release|x86.ActiveCfg = Release|Any CPU
		{73F0277E-82B7-41A4-8840-FBA1D2D789DB}.Release|x86.Build.0 = Release|Any CPU
		{E35D8B61-8DA5-48A9-B6F7-BD633F7B452F}.Debug|Any CPU.ActiveCfg = Debug|Any CPU
		{E35D8B61-8DA5-48A9-B6F7-BD633F7B452F}.Debug|Any CPU.Build.0 = Debug|Any CPU
		{E35D8B61-8DA5-48A9-B6F7-BD633F7B452F}.Debug|x64.ActiveCfg = Debug|Any CPU
		{E35D8B61-8DA5-48A9-B6F7-BD633F7B452F}.Debug|x64.Build.0 = Debug|Any CPU
		{E35D8B61-8DA5-48A9-B6F7-BD633F7B452F}.Debug|x86.ActiveCfg = Debug|Any CPU
		{E35D8B61-8DA5-48A9-B6F7-BD633F7B452F}.Debug|x86.Build.0 = Debug|Any CPU
		{E35D8B61-8DA5-48A9-B6F7-BD633F7B452F}.Release|Any CPU.ActiveCfg = Release|Any CPU
		{E35D8B61-8DA5-48A9-B6F7-BD633F7B452F}.Release|Any CPU.Build.0 = Release|Any CPU
		{E35D8B61-8DA5-48A9-B6F7-BD633F7B452F}.Release|x64.ActiveCfg = Release|Any CPU
		{E35D8B61-8DA5-48A9-B6F7-BD633F7B452F}.Release|x64.Build.0 = Release|Any CPU
		{E35D8B61-8DA5-48A9-B6F7-BD633F7B452F}.Release|x86.ActiveCfg = Release|Any CPU
		{E35D8B61-8DA5-48A9-B6F7-BD633F7B452F}.Release|x86.Build.0 = Release|Any CPU
		{B70CE37E-6556-480D-8F92-50F93E04953B}.Debug|Any CPU.ActiveCfg = Debug|Any CPU
		{B70CE37E-6556-480D-8F92-50F93E04953B}.Debug|Any CPU.Build.0 = Debug|Any CPU
		{B70CE37E-6556-480D-8F92-50F93E04953B}.Debug|x64.ActiveCfg = Debug|Any CPU
		{B70CE37E-6556-480D-8F92-50F93E04953B}.Debug|x64.Build.0 = Debug|Any CPU
		{B70CE37E-6556-480D-8F92-50F93E04953B}.Debug|x86.ActiveCfg = Debug|Any CPU
		{B70CE37E-6556-480D-8F92-50F93E04953B}.Debug|x86.Build.0 = Debug|Any CPU
		{B70CE37E-6556-480D-8F92-50F93E04953B}.Release|Any CPU.ActiveCfg = Release|Any CPU
		{B70CE37E-6556-480D-8F92-50F93E04953B}.Release|Any CPU.Build.0 = Release|Any CPU
		{B70CE37E-6556-480D-8F92-50F93E04953B}.Release|x64.ActiveCfg = Release|Any CPU
		{B70CE37E-6556-480D-8F92-50F93E04953B}.Release|x64.Build.0 = Release|Any CPU
		{B70CE37E-6556-480D-8F92-50F93E04953B}.Release|x86.ActiveCfg = Release|Any CPU
		{B70CE37E-6556-480D-8F92-50F93E04953B}.Release|x86.Build.0 = Release|Any CPU
		{B004F09C-A380-4D3C-89FA-0739B4FC44E2}.Debug|Any CPU.ActiveCfg = Debug|Any CPU
		{B004F09C-A380-4D3C-89FA-0739B4FC44E2}.Debug|Any CPU.Build.0 = Debug|Any CPU
		{B004F09C-A380-4D3C-89FA-0739B4FC44E2}.Debug|x64.ActiveCfg = Debug|Any CPU
		{B004F09C-A380-4D3C-89FA-0739B4FC44E2}.Debug|x64.Build.0 = Debug|Any CPU
		{B004F09C-A380-4D3C-89FA-0739B4FC44E2}.Debug|x86.ActiveCfg = Debug|Any CPU
		{B004F09C-A380-4D3C-89FA-0739B4FC44E2}.Debug|x86.Build.0 = Debug|Any CPU
		{B004F09C-A380-4D3C-89FA-0739B4FC44E2}.Release|Any CPU.ActiveCfg = Release|Any CPU
		{B004F09C-A380-4D3C-89FA-0739B4FC44E2}.Release|Any CPU.Build.0 = Release|Any CPU
		{B004F09C-A380-4D3C-89FA-0739B4FC44E2}.Release|x64.ActiveCfg = Release|Any CPU
		{B004F09C-A380-4D3C-89FA-0739B4FC44E2}.Release|x64.Build.0 = Release|Any CPU
		{B004F09C-A380-4D3C-89FA-0739B4FC44E2}.Release|x86.ActiveCfg = Release|Any CPU
		{B004F09C-A380-4D3C-89FA-0739B4FC44E2}.Release|x86.Build.0 = Release|Any CPU
		{7186DD4E-462D-47B9-9F57-9137F0361BDF}.Debug|Any CPU.ActiveCfg = Debug|Any CPU
		{7186DD4E-462D-47B9-9F57-9137F0361BDF}.Debug|Any CPU.Build.0 = Debug|Any CPU
		{7186DD4E-462D-47B9-9F57-9137F0361BDF}.Debug|x64.ActiveCfg = Debug|Any CPU
		{7186DD4E-462D-47B9-9F57-9137F0361BDF}.Debug|x64.Build.0 = Debug|Any CPU
		{7186DD4E-462D-47B9-9F57-9137F0361BDF}.Debug|x86.ActiveCfg = Debug|Any CPU
		{7186DD4E-462D-47B9-9F57-9137F0361BDF}.Debug|x86.Build.0 = Debug|Any CPU
		{7186DD4E-462D-47B9-9F57-9137F0361BDF}.Release|Any CPU.ActiveCfg = Release|Any CPU
		{7186DD4E-462D-47B9-9F57-9137F0361BDF}.Release|Any CPU.Build.0 = Release|Any CPU
		{7186DD4E-462D-47B9-9F57-9137F0361BDF}.Release|x64.ActiveCfg = Release|Any CPU
		{7186DD4E-462D-47B9-9F57-9137F0361BDF}.Release|x64.Build.0 = Release|Any CPU
		{7186DD4E-462D-47B9-9F57-9137F0361BDF}.Release|x86.ActiveCfg = Release|Any CPU
		{7186DD4E-462D-47B9-9F57-9137F0361BDF}.Release|x86.Build.0 = Release|Any CPU
	EndGlobalSection
	GlobalSection(SolutionProperties) = preSolution
		HideSolutionNode = FALSE
	EndGlobalSection
EndGlobal
